
Microsoft Visual Studio Solution File, Format Version 12.00
# Visual Studio 15
VisualStudioVersion = 15.0.28307.329
MinimumVisualStudioVersion = 10.0.40219.1
Project("{FAE04EC0-301F-11D3-BF4B-00C04F79EFBC}") = "task1", "task1\task1.csproj", "{642DDA31-FCD5-4E04-B5FD-E2188C4BD77F}"
EndProject
Global
	GlobalSection(SolutionConfigurationPlatforms) = preSolution
		Debug|Any CPU = Debug|Any CPU
		Release|Any CPU = Release|Any CPU
	EndGlobalSection
	GlobalSection(ProjectConfigurationPlatforms) = postSolution
		{642DDA31-FCD5-4E04-B5FD-E2188C4BD77F}.Debug|Any CPU.ActiveCfg = Debug|Any CPU
		{642DDA31-FCD5-4E04-B5FD-E2188C4BD77F}.Debug|Any CPU.Build.0 = Debug|Any CPU
		{642DDA31-FCD5-4E04-B5FD-E2188C4BD77F}.Release|Any CPU.ActiveCfg = Release|Any CPU
		{642DDA31-FCD5-4E04-B5FD-E2188C4BD77F}.Release|Any CPU.Build.0 = Release|Any CPU
	EndGlobalSection
	GlobalSection(SolutionProperties) = preSolution
		HideSolutionNode = FALSE
	EndGlobalSection
	GlobalSection(ExtensibilityGlobals) = postSolution
		SolutionGuid = {3D1E3703-18E1-4BBF-AA1B-8908C2B02E76}
	EndGlobalSection
EndGlobal
